<?xml version="1.0" encoding="utf-8"?>
<Project ToolsVersion="4.0" xmlns="http://schemas.microsoft.com/developer/msbuild/2003">
  <ItemGroup>
    <Filter Include="Source Files">
      <UniqueIdentifier>{4FC737F1-C7A5-4376-A066-2A32D752A2FF}</UniqueIdentifier>
      <Extensions>cpp;c;cc;cxx;c++;cppm;ixx;def;odl;idl;hpj;bat;asm;asmx</Extensions>
    </Filter>
    <Filter Include="Header Files">
      <UniqueIdentifier>{93995380-89BD-4b04-88EB-625FBE52EBFB}</UniqueIdentifier>
      <Extensions>h;hh;hpp;hxx;h++;hm;inl;inc;ipp;xsd</Extensions>
    </Filter>
    <Filter Include="Resource Files">
      <UniqueIdentifier>{67DA6AB6-F800-4c08-8B7A-83BB121AAD01}</UniqueIdentifier>
      <Extensions>rc;ico;cur;bmp;dlg;rc2;rct;bin;rgs;gif;jpg;jpeg;jpe;resx;tiff;tif;png;wav;mfcribbon-ms</Extensions>
    </Filter>
    <Filter Include="imgui">
      <UniqueIdentifier>{f10c16e5-c7a2-4ed1-8550-366c48abcdc2}</UniqueIdentifier>
    </Filter>
    <Filter Include="Minhook">
      <UniqueIdentifier>{9dc808ef-335d-49ab-a018-116de1c76bbf}</UniqueIdentifier>
    </Filter>
  </ItemGroup>
  <ItemGroup>
    <None Include="cpp.hint" />
  </ItemGroup>
  <ItemGroup>
    <ClInclude Include="framework.h">
      <Filter>Header Files</Filter>
    </ClInclude>
    <ClInclude Include="DX12BaseIcyModz420.h">
      <Filter>Header Files</Filter>
    </ClInclude>
    <ClInclude Include="pch.h">
      <Filter>Header Files</Filter>
    </ClInclude>
    <ClInclude Include="..\..\..\..\Desktop\imgui-1.92.9b\buffer.h">
      <Filter>Minhook</Filter>
    </ClInclude>
    <ClInclude Include="..\..\..\..\Desktop\imgui-1.92.9b\hde32.h">
      <Filter>Minhook</Filter>
    </ClInclude>
    <ClInclude Include="..\..\..\..\Desktop\imgui-1.92.9b\hde64.h">
      <Filter>Minhook</Filter>
    </ClInclude>
    <ClInclude Include="..\..\..\..\Desktop\imgui-1.92.9b\imstb_rectpack.h">
      <Filter>imgui</Filter>
    </ClInclude>
    <ClInclude Include="..\..\..\..\Desktop\imgui-1.92.9b\imstb_textedit.h">
      <Filter>imgui</Filter>
    </ClInclude>
    <ClInclude Include="..\..\..\..\Desktop\imgui-1.92.9b\imstb_truetype.h">
      <Filter>imgui</Filter>
    </ClInclude>
    <ClInclude Include="..\..\..\..\Desktop\imgui-1.92.9b\imconfig.h">
      <Filter>imgui</Filter>
    </ClInclude>
    <ClInclude Include="..\..\..\..\Desktop\imgui-1.92.9b\imgui.h">
      <Filter>imgui</Filter>
    </ClInclude>
    <ClInclude Include="..\..\..\..\Desktop\imgui-1.92.9b\imgui_internal.h">
      <Filter>imgui</Filter>
    </ClInclude>
    <ClInclude Include="..\..\..\..\Desktop\imgui-1.92.9b\table32.h">
      <Filter>imgui</Filter>
    </ClInclude>
    <ClInclude Include="..\..\..\..\Desktop\imgui-1.92.9b\table64.h">
      <Filter>imgui</Filter>
    </ClInclude>
    <ClInclude Include="..\..\..\..\Desktop\imgui-1.92.9b\trampoline.h">
      <Filter>imgui</Filter>
    </ClInclude>
    <ClInclude Include="..\..\..\..\Desktop\imgui-1.92.9b\pstdint.h">
      <Filter>imgui</Filter>
    </ClInclude>
    <ClInclude Include="..\..\..\..\Desktop\minhook-master\include\MinHook.h">
      <Filter>imgui</Filter>
    </ClInclude>
  </ItemGroup>
  <ItemGroup>
    <ClCompile Include="DX12BaseIcyModz420.cpp">
      <Filter>Source Files</Filter>
    </ClCompile>
    <ClCompile Include="dllmain.cpp">
      <Filter>Source Files</Filter>
    </ClCompile>
    <ClCompile Include="pch.cpp">
      <Filter>Source Files</Filter>
    </ClCompile>
    <ClCompile Include="..\..\..\..\Desktop\imgui-1.92.9b\buffer.c">
      <Filter>Minhook</Filter>
    </ClCompile>
    <ClCompile Include="..\..\..\..\Desktop\imgui-1.92.9b\hde32.c">
      <Filter>Minhook</Filter>
    </ClCompile>
    <ClCompile Include="..\..\..\..\Desktop\imgui-1.92.9b\hde64.c">
      <Filter>Minhook</Filter>
    </ClCompile>
    <ClCompile Include="..\..\..\..\Desktop\imgui-1.92.9b\hook.c">
      <Filter>Minhook</Filter>
    </ClCompile>
    <ClCompile Include="..\..\..\..\Desktop\imgui-1.92.9b\imgui_widgets.cpp">
      <Filter>imgui</Filter>
    </ClCompile>
    <ClCompile Include="..\..\..\..\Desktop\imgui-1.92.9b\imgui.cpp">
      <Filter>imgui</Filter>
    </ClCompile>
    <ClCompile Include="..\..\..\..\Desktop\imgui-1.92.9b\imgui_demo.cpp">
      <Filter>imgui</Filter>
    </ClCompile>
    <ClCompile Include="..\..\..\..\Desktop\imgui-1.92.9b\imgui_draw.cpp">
      <Filter>imgui</Filter>
    </ClCompile>
    <ClCompile Include="..\..\..\..\Desktop\imgui-1.92.9b\imgui_tables.cpp">
      <Filter>imgui</Filter>
    </ClCompile>
    <ClCompile Include="..\..\..\..\Desktop\imgui-1.92.9b\trampoline.c">
      <Filter>imgui</Filter>
    </ClCompile>
    <ClCompile Include="..\..\FF6DebugMenu\includes\imgui_impl_win32.cpp">
      <Filter>imgui</Filter>
    </ClCompile>
    <ClCompile Include="..\..\FF6DebugMenu\includes\imgui_impl_dx12.cpp">
      <Filter>imgui</Filter>
    </ClCompile>
    <ClCompile Include="..\..\..\..\Desktop\imgui_impl_dx11.cpp">
      <Filter>imgui</Filter>
    </ClCompile>
  </ItemGroup>
  <ItemGroup>
    <Library Include="..\..\..\..\Desktop\imgui-1.92.9b\libMinHook.x86.lib">
      <Filter>Minhook</Filter>
    </Library>
    <Library Include="..\..\..\..\Desktop\imgui-1.92.9b\libMinHook.x64.lib">
      <Filter>Minhook</Filter>
    </Library>
  </ItemGroup>
</Project>